// !$*UTF8*$!
{
	archiveVersion = 1;
	classes = {
	};
	objectVersion = 50;
	objects = {

/* Begin PBXBuildFile section */
		B81D9F3A24A29C200050A1B4 /* AppDelegate.swift in Sources */ = {isa = PBXBuildFile; fileRef = B81D9F3924A29C200050A1B4 /* AppDelegate.swift */; };
		B81D9F3C24A29C200050A1B4 /* SceneDelegate.swift in Sources */ = {isa = PBXBuildFile; fileRef = B81D9F3B24A29C200050A1B4 /* SceneDelegate.swift */; };
		B81D9F3E24A29C200050A1B4 /* ViewController.swift in Sources */ = {isa = PBXBuildFile; fileRef = B81D9F3D24A29C200050A1B4 /* ViewController.swift */; };
		B81D9F4124A29C200050A1B4 /* Main.storyboard in Resources */ = {isa = PBXBuildFile; fileRef = B81D9F3F24A29C200050A1B4 /* Main.storyboard */; };
		B81D9F4324A29C230050A1B4 /* Assets.xcassets in Resources */ = {isa = PBXBuildFile; fileRef = B81D9F4224A29C230050A1B4 /* Assets.xcassets */; };
		B81D9F4624A29C230050A1B4 /* LaunchScreen.storyboard in Resources */ = {isa = PBXBuildFile; fileRef = B81D9F4424A29C230050A1B4 /* LaunchScreen.storyboard */; };
		B81D9F5124A29C230050A1B4 /* pointTests.swift in Sources */ = {isa = PBXBuildFile; fileRef = B81D9F5024A29C230050A1B4 /* pointTests.swift */; };
		B81D9F5C24A29C240050A1B4 /* pointUITests.swift in Sources */ = {isa = PBXBuildFile; fileRef = B81D9F5B24A29C240050A1B4 /* pointUITests.swift */; };
/* End PBXBuildFile section */

/* Begin PBXContainerItemProxy section */
		B81D9F4D24A29C230050A1B4 /* PBXContainerItemProxy */ = {
			isa = PBXContainerItemProxy;
			containerPortal = B81D9F2E24A29C200050A1B4 /* Project object */;
			proxyType = 1;
			remoteGlobalIDString = B81D9F3524A29C200050A1B4;
			remoteInfo = point;
		};
		B81D9F5824A29C240050A1B4 /* PBXContainerItemProxy */ = {
			isa = PBXContainerItemProxy;
			containerPortal = B81D9F2E24A29C200050A1B4 /* Project object */;
			proxyType = 1;
			remoteGlobalIDString = B81D9F3524A29C200050A1B4;
			remoteInfo = point;
		};
/* End PBXContainerItemProxy section */

/* Begin PBXFileReference section */
		B81D9F3624A29C200050A1B4 /* point.app */ = {isa = PBXFileReference; explicitFileType = wrapper.application; includeInIndex = 0; path = point.app; sourceTree = BUILT_PRODUCTS_DIR; };
		B81D9F3924A29C200050A1B4 /* AppDelegate.swift */ = {isa = PBXFileReference; lastKnownFileType = sourcecode.swift; path = AppDelegate.swift; sourceTree = "<group>"; };
		B81D9F3B24A29C200050A1B4 /* SceneDelegate.swift */ = {isa = PBXFileReference; lastKnownFileType = sourcecode.swift; path = SceneDelegate.swift; sourceTree = "<group>"; };
		B81D9F3D24A29C200050A1B4 /* ViewController.swift */ = {isa = PBXFileReference; lastKnownFileType = sourcecode.swift; path = ViewController.swift; sourceTree = "<group>"; };
		B81D9F4024A29C200050A1B4 /* Base */ = {isa = PBXFileReference; lastKnownFileType = file.storyboard; name = Base; path = Base.lproj/Main.storyboard; sourceTree = "<group>"; };
		B81D9F4224A29C230050A1B4 /* Assets.xcassets */ = {isa = PBXFileReference; lastKnownFileType = folder.assetcatalog; path = Assets.xcassets; sourceTree = "<group>"; };
		B81D9F4524A29C230050A1B4 /* Base */ = {isa = PBXFileReference; lastKnownFileType = file.storyboard; name = Base; path = Base.lproj/LaunchScreen.storyboard; sourceTree = "<group>"; };
		B81D9F4724A29C230050A1B4 /* Info.plist */ = {isa = PBXFileReference; lastKnownFileType = text.plist.xml; path = Info.plist; sourceTree = "<group>"; };
		B81D9F4C24A29C230050A1B4 /* pointTests.xctest */ = {isa = PBXFileReference; explicitFileType = wrapper.cfbundle; includeInIndex = 0; path = pointTests.xctest; sourceTree = BUILT_PRODUCTS_DIR; };
		B81D9F5024A29C230050A1B4 /* pointTests.swift */ = {isa = PBXFileReference; lastKnownFileType = sourcecode.swift; path = pointTests.swift; sourceTree = "<group>"; };
		B81D9F5224A29C240050A1B4 /* Info.plist */ = {isa = PBXFileReference; lastKnownFileType = text.plist.xml; path = Info.plist; sourceTree = "<group>"; };
		B81D9F5724A29C240050A1B4 /* pointUITests.xctest */ = {isa = PBXFileReference; explicitFileType = wrapper.cfbundle; includeInIndex = 0; path = pointUITests.xctest; sourceTree = BUILT_PRODUCTS_DIR; };
		B81D9F5B24A29C240050A1B4 /* pointUITests.swift */ = {isa = PBXFileReference; lastKnownFileType = sourcecode.swift; path = pointUITests.swift; sourceTree = "<group>"; };
		B81D9F5D24A29C240050A1B4 /* Info.plist */ = {isa = PBXFileReference; lastKnownFileType = text.plist.xml; path = Info.plist; sourceTree = "<group>"; };
/* End PBXFileReference section */

/* Begin PBXFrameworksBuildPhase section */
		B81D9F3324A29C200050A1B4 /* Frameworks */ = {
			isa = PBXFrameworksBuildPhase;
			buildActionMask = 2147483647;
			files = (
			);
			runOnlyForDeploymentPostprocessing = 0;
		};
		B81D9F4924A29C230050A1B4 /* Frameworks */ = {
			isa = PBXFrameworksBuildPhase;
			buildActionMask = 2147483647;
			files = (
			);
			runOnlyForDeploymentPostprocessing = 0;
		};
		B81D9F5424A29C240050A1B4 /* Frameworks */ = {
			isa = PBXFrameworksBuildPhase;
			buildActionMask = 2147483647;
			files = (
			);
			runOnlyForDeploymentPostprocessing = 0;
		};
/* End PBXFrameworksBuildPhase section */

/* Begin PBXGroup section */
		B81D9F2D24A29C200050A1B4 = {
			isa = PBXGroup;
			children = (
				B81D9F3824A29C200050A1B4 /* point */,
				B81D9F4F24A29C230050A1B4 /* pointTests */,
				B81D9F5A24A29C240050A1B4 /* pointUITests */,
				B81D9F3724A29C200050A1B4 /* Products */,
			);
			sourceTree = "<group>";
		};
		B81D9F3724A29C200050A1B4 /* Products */ = {
			isa = PBXGroup;
			children = (
				B81D9F3624A29C200050A1B4 /* point.app */,
				B81D9F4C24A29C230050A1B4 /* pointTests.xctest */,
				B81D9F5724A29C240050A1B4 /* pointUITests.xctest */,
			);
			name = Products;
			sourceTree = "<group>";
		};
		B81D9F3824A29C200050A1B4 /* point */ = {
			isa = PBXGroup;
			children = (
				B81D9F3924A29C200050A1B4 /* AppDelegate.swift */,
				B81D9F3B24A29C200050A1B4 /* SceneDelegate.swift */,
				B81D9F3D24A29C200050A1B4 /* ViewController.swift */,
				B81D9F3F24A29C200050A1B4 /* Main.storyboard */,
				B81D9F4224A29C230050A1B4 /* Assets.xcassets */,
				B81D9F4424A29C230050A1B4 /* LaunchScreen.storyboard */,
				B81D9F4724A29C230050A1B4 /* Info.plist */,
			);
			path = point;
			sourceTree = "<group>";
		};
		B81D9F4F24A29C230050A1B4 /* pointTests */ = {
			isa = PBXGroup;
			children = (
				B81D9F5024A29C230050A1B4 /* pointTests.swift */,
				B81D9F5224A29C240050A1B4 /* Info.plist */,
			);
			path = pointTests;
			sourceTree = "<group>";
		};
		B81D9F5A24A29C240050A1B4 /* pointUITests */ = {
			isa = PBXGroup;
			children = (
				B81D9F5B24A29C240050A1B4 /* pointUITests.swift */,
				B81D9F5D24A29C240050A1B4 /* Info.plist */,
			);
			path = pointUITests;
			sourceTree = "<group>";
		};
/* End PBXGroup section */

/* Begin PBXNativeTarget section */
		B81D9F3524A29C200050A1B4 /* point */ = {
			isa = PBXNativeTarget;
			buildConfigurationList = B81D9F6024A29C240050A1B4 /* Build configuration list for PBXNativeTarget "point" */;
			buildPhases = (
				B81D9F3224A29C200050A1B4 /* Sources */,
				B81D9F3324A29C200050A1B4 /* Frameworks */,
				B81D9F3424A29C200050A1B4 /* Resources */,
			);
			buildRules = (
			);
			dependencies = (
			);
			name = point;
			productName = point;
			productReference = B81D9F3624A29C200050A1B4 /* point.app */;
			productType = "com.apple.product-type.application";
		};
		B81D9F4B24A29C230050A1B4 /* pointTests */ = {
			isa = PBXNativeTarget;
			buildConfigurationList = B81D9F6324A29C240050A1B4 /* Build configuration list for PBXNativeTarget "pointTests" */;
			buildPhases = (
				B81D9F4824A29C230050A1B4 /* Sources */,
				B81D9F4924A29C230050A1B4 /* Frameworks */,
				B81D9F4A24A29C230050A1B4 /* Resources */,
			);
			buildRules = (
			);
			dependencies = (
				B81D9F4E24A29C230050A1B4 /* PBXTargetDependency */,
			);
			name = pointTests;
			productName = pointTests;
			productReference = B81D9F4C24A29C230050A1B4 /* pointTests.xctest */;
			productType = "com.apple.product-type.bundle.unit-test";
		};
		B81D9F5624A29C240050A1B4 /* pointUITests */ = {
			isa = PBXNativeTarget;
			buildConfigurationList = B81D9F6624A29C240050A1B4 /* Build configuration list for PBXNativeTarget "pointUITests" */;
			buildPhases = (
				B81D9F5324A29C240050A1B4 /* Sources */,
				B81D9F5424A29C240050A1B4 /* Frameworks */,
				B81D9F5524A29C240050A1B4 /* Resources */,
			);
			buildRules = (
			);
			dependencies = (
				B81D9F5924A29C240050A1B4 /* PBXTargetDependency */,
			);
			name = pointUITests;
			productName = pointUITests;
			productReference = B81D9F5724A29C240050A1B4 /* pointUITests.xctest */;
			productType = "com.apple.product-type.bundle.ui-testing";
		};
/* End PBXNativeTarget section */

/* Begin PBXProject section */
		B81D9F2E24A29C200050A1B4 /* Project object */ = {
			isa = PBXProject;
			attributes = {
				LastSwiftUpdateCheck = 1150;
				LastUpgradeCheck = 1150;
				ORGANIZATIONNAME = "mendy aouizerat ";
				TargetAttributes = {
					B81D9F3524A29C200050A1B4 = {
						CreatedOnToolsVersion = 11.5;
					};
					B81D9F4B24A29C230050A1B4 = {
						CreatedOnToolsVersion = 11.5;
						TestTargetID = B81D9F3524A29C200050A1B4;
					};
					B81D9F5624A29C240050A1B4 = {
						CreatedOnToolsVersion = 11.5;
						TestTargetID = B81D9F3524A29C200050A1B4;
					};
				};
			};
			buildConfigurationList = B81D9F3124A29C200050A1B4 /* Build configuration list for PBXProject "point" */;
			compatibilityVersion = "Xcode 9.3";
			developmentRegion = en;
			hasScannedForEncodings = 0;
			knownRegions = (
				en,
				Base,
			);
			mainGroup = B81D9F2D24A29C200050A1B4;
			productRefGroup = B81D9F3724A29C200050A1B4 /* Products */;
			projectDirPath = "";
			projectRoot = "";
			targets = (
				B81D9F3524A29C200050A1B4 /* point */,
				B81D9F4B24A29C230050A1B4 /* pointTests */,
				B81D9F5624A29C240050A1B4 /* pointUITests */,
			);
		};
/* End PBXProject section */

/* Begin PBXResourcesBuildPhase section */
		B81D9F3424A29C200050A1B4 /* Resources */ = {
			isa = PBXResourcesBuildPhase;
			buildActionMask = 2147483647;
			files = (
				B81D9F4624A29C230050A1B4 /* LaunchScreen.storyboard in Resources */,
				B81D9F4324A29C230050A1B4 /* Assets.xcassets in Resources */,
				B81D9F4124A29C200050A1B4 /* Main.storyboard in Resources */,
			);
			runOnlyForDeploymentPostprocessing = 0;
		};
		B81D9F4A24A29C230050A1B4 /* Resources */ = {
			isa = PBXResourcesBuildPhase;
			buildActionMask = 2147483647;
			files = (
			);
			runOnlyForDeploymentPostprocessing = 0;
		};
		B81D9F5524A29C240050A1B4 /* Resources */ = {
			isa = PBXResourcesBuildPhase;
			buildActionMask = 2147483647;
			files = (
			);
			runOnlyForDeploymentPostprocessing = 0;
		};
/* End PBXResourcesBuildPhase section */

/* Begin PBXSourcesBuildPhase section */
		B81D9F3224A29C200050A1B4 /* Sources */ = {
			isa = PBXSourcesBuildPhase;
			buildActionMask = 2147483647;
			files = (
				B81D9F3E24A29C200050A1B4 /* ViewController.swift in Sources */,
				B81D9F3A24A29C200050A1B4 /* AppDelegate.swift in Sources */,
				B81D9F3C24A29C200050A1B4 /* SceneDelegate.swift in Sources */,
			);
			runOnlyForDeploymentPostprocessing = 0;
		};
		B81D9F4824A29C230050A1B4 /* Sources */ = {
			isa = PBXSourcesBuildPhase;
			buildActionMask = 2147483647;
			files = (
				B81D9F5124A29C230050A1B4 /* pointTests.swift in Sources */,
			);
			runOnlyForDeploymentPostprocessing = 0;
		};
		B81D9F5324A29C240050A1B4 /* Sources */ = {
			isa = PBXSourcesBuildPhase;
			buildActionMask = 2147483647;
			files = (
				B81D9F5C24A29C240050A1B4 /* pointUITests.swift in Sources */,
			);
			runOnlyForDeploymentPostprocessing = 0;
		};
/* End PBXSourcesBuildPhase section */

/* Begin PBXTargetDependency section */
		B81D9F4E24A29C230050A1B4 /* PBXTargetDependency */ = {
			isa = PBXTargetDependency;
			target = B81D9F3524A29C200050A1B4 /* point */;
			targetProxy = B81D9F4D24A29C230050A1B4 /* PBXContainerItemProxy */;
		};
		B81D9F5924A29C240050A1B4 /* PBXTargetDependency */ = {
			isa = PBXTargetDependency;
			target = B81D9F3524A29C200050A1B4 /* point */;
			targetProxy = B81D9F5824A29C240050A1B4 /* PBXContainerItemProxy */;
		};
/* End PBXTargetDependency section */

/* Begin PBXVariantGroup section */
		B81D9F3F24A29C200050A1B4 /* Main.storyboard */ = {
			isa = PBXVariantGroup;
			children = (
				B81D9F4024A29C200050A1B4 /* Base */,
			);
			name = Main.storyboard;
			sourceTree = "<group>";
		};
		B81D9F4424A29C230050A1B4 /* LaunchScreen.storyboard */ = {
			isa = PBXVariantGroup;
			children = (
				B81D9F4524A29C230050A1B4 /* Base */,
			);
			name = LaunchScreen.storyboard;
			sourceTree = "<group>";
		};
/* End PBXVariantGroup section */

/* Begin XCBuildConfiguration section */
		B81D9F5E24A29C240050A1B4 /* Debug */ = {
			isa = XCBuildConfiguration;
			buildSettings = {
				ALWAYS_SEARCH_USER_PATHS = NO;
				CLANG_ANALYZER_NONNULL = YES;
				CLANG_ANALYZER_NUMBER_OBJECT_CONVERSION = YES_AGGRESSIVE;
				CLANG_CXX_LANGUAGE_STANDARD = "gnu++14";
				CLANG_CXX_LIBRARY = "libc++";
				CLANG_ENABLE_MODULES = YES;
				CLANG_ENABLE_OBJC_ARC = YES;
				CLANG_ENABLE_OBJC_WEAK = YES;
				CLANG_WARN_BLOCK_CAPTURE_AUTORELEASING = YES;
				CLANG_WARN_BOOL_CONVERSION = YES;
				CLANG_WARN_COMMA = YES;
				CLANG_WARN_CONSTANT_CONVERSION = YES;
				CLANG_WARN_DEPRECATED_OBJC_IMPLEMENTATIONS = YES;
				CLANG_WARN_DIRECT_OBJC_ISA_USAGE = YES_ERROR;
				CLANG_WARN_DOCUMENTATION_COMMENTS = YES;
				CLANG_WARN_EMPTY_BODY = YES;
				CLANG_WARN_ENUM_CONVERSION = YES;
				CLANG_WARN_INFINITE_RECURSION = YES;
				CLANG_WARN_INT_CONVERSION = YES;
				CLANG_WARN_NON_LITERAL_NULL_CONVERSION = YES;
				CLANG_WARN_OBJC_IMPLICIT_RETAIN_SELF = YES;
				CLANG_WARN_OBJC_LITERAL_CONVERSION = YES;
				CLANG_WARN_OBJC_ROOT_CLASS = YES_ERROR;
				CLANG_WARN_RANGE_LOOP_ANALYSIS = YES;
				CLANG_WARN_STRICT_PROTOTYPES = YES;
				CLANG_WARN_SUSPICIOUS_MOVE = YES;
				CLANG_WARN_UNGUARDED_AVAILABILITY = YES_AGGRESSIVE;
				CLANG_WARN_UNREACHABLE_CODE = YES;
				CLANG_WARN__DUPLICATE_METHOD_MATCH = YES;
				COPY_PHASE_STRIP = NO;
				DEBUG_INFORMATION_FORMAT = dwarf;
				ENABLE_STRICT_OBJC_MSGSEND = YES;
				ENABLE_TESTABILITY = YES;
				GCC_C_LANGUAGE_STANDARD = gnu11;
				GCC_DYNAMIC_NO_PIC = NO;
				GCC_NO_COMMON_BLOCKS = YES;
				GCC_OPTIMIZATION_LEVEL = 0;
				GCC_PREPROCESSOR_DEFINITIONS = (
					"DEBUG=1",
					"$(inherited)",
				);
				GCC_WARN_64_TO_32_BIT_CONVERSION = YES;
				GCC_WARN_ABOUT_RETURN_TYPE = YES_ERROR;
				GCC_WARN_UNDECLARED_SELECTOR = YES;
				GCC_WARN_UNINITIALIZED_AUTOS = YES_AGGRESSIVE;
				GCC_WARN_UNUSED_FUNCTION = YES;
				GCC_WARN_UNUSED_VARIABLE = YES;
				IPHONEOS_DEPLOYMENT_TARGET = 13.5;
				MTL_ENABLE_DEBUG_INFO = INCLUDE_SOURCE;
				MTL_FAST_MATH = YES;
				ONLY_ACTIVE_ARCH = YES;
				SDKROOT = iphoneos;
				SWIFT_ACTIVE_COMPILATION_CONDITIONS = DEBUG;
				SWIFT_OPTIMIZATION_LEVEL = "-Onone";
			};
			name = Debug;
		};
		B81D9F5F24A29C240050A1B4 /* Release */ = {
			isa = XCBuildConfiguration;
			buildSettings = {
				ALWAYS_SEARCH_USER_PATHS = NO;
				CLANG_ANALYZER_NONNULL = YES;
				CLANG_ANALYZER_NUMBER_OBJECT_CONVERSION = YES_AGGRESSIVE;
				CLANG_CXX_LANGUAGE_STANDARD = "gnu++14";
				CLANG_CXX_LIBRARY = "libc++";
				CLANG_ENABLE_MODULES = YES;
				CLANG_ENABLE_OBJC_ARC = YES;
				CLANG_ENABLE_OBJC_WEAK = YES;
				CLANG_WARN_BLOCK_CAPTURE_AUTORELEASING = YES;
				CLANG_WARN_BOOL_CONVERSION = YES;
				CLANG_WARN_COMMA = YES;
				CLANG_WARN_CONSTANT_CONVERSION = YES;
				CLANG_WARN_DEPRECATED_OBJC_IMPLEMENTATIONS = YES;
				CLANG_WARN_DIRECT_OBJC_ISA_USAGE = YES_ERROR;
				CLANG_WARN_DOCUMENTATION_COMMENTS = YES;
				CLANG_WARN_EMPTY_BODY = YES;
				CLANG_WARN_ENUM_CONVERSION = YES;
				CLANG_WARN_INFINITE_RECURSION = YES;
				CLANG_WARN_INT_CONVERSION = YES;
				CLANG_WARN_NON_LITERAL_NULL_CONVERSION = YES;
				CLANG_WARN_OBJC_IMPLICIT_RETAIN_SELF = YES;
				CLANG_WARN_OBJC_LITERAL_CONVERSION = YES;
				CLANG_WARN_OBJC_ROOT_CLASS = YES_ERROR;
				CLANG_WARN_RANGE_LOOP_ANALYSIS = YES;
				CLANG_WARN_STRICT_PROTOTYPES = YES;
				CLANG_WARN_SUSPICIOUS_MOVE = YES;
				CLANG_WARN_UNGUARDED_AVAILABILITY = YES_AGGRESSIVE;
				CLANG_WARN_UNREACHABLE_CODE = YES;
				CLANG_WARN__DUPLICATE_METHOD_MATCH = YES;
				COPY_PHASE_STRIP = NO;
				DEBUG_INFORMATION_FORMAT = "dwarf-with-dsym";
				ENABLE_NS_ASSERTIONS = NO;
				ENABLE_STRICT_OBJC_MSGSEND = YES;
				GCC_C_LANGUAGE_STANDARD = gnu11;
				GCC_NO_COMMON_BLOCKS = YES;
				GCC_WARN_64_TO_32_BIT_CONVERSION = YES;
				GCC_WARN_ABOUT_RETURN_TYPE = YES_ERROR;
				GCC_WARN_UNDECLARED_SELECTOR = YES;
				GCC_WARN_UNINITIALIZED_AUTOS = YES_AGGRESSIVE;
				GCC_WARN_UNUSED_FUNCTION = YES;
				GCC_WARN_UNUSED_VARIABLE = YES;
				IPHONEOS_DEPLOYMENT_TARGET = 13.5;
				MTL_ENABLE_DEBUG_INFO = NO;
				MTL_FAST_MATH = YES;
				SDKROOT = iphoneos;
				SWIFT_COMPILATION_MODE = wholemodule;
				SWIFT_OPTIMIZATION_LEVEL = "-O";
				VALIDATE_PRODUCT = YES;
			};
			name = Release;
		};
		B81D9F6124A29C240050A1B4 /* Debug */ = {
			isa = XCBuildConfiguration;
			buildSettings = {
				ASSETCATALOG_COMPILER_APPICON_NAME = AppIcon;
				CODE_SIGN_STYLE = Automatic;
				INFOPLIST_FILE = point/Info.plist;
				LD_RUNPATH_SEARCH_PATHS = (
					"$(inherited)",
					"@executable_path/Frameworks",
				);
				PRODUCT_BUNDLE_IDENTIFIER = mendy.a.point;
				PRODUCT_NAME = "$(TARGET_NAME)";
				SWIFT_VERSION = 5.0;
				TARGETED_DEVICE_FAMILY = "1,2";
			};
			name = Debug;
		};
		B81D9F6224A29C240050A1B4 /* Release */ = {
			isa = XCBuildConfiguration;
			buildSettings = {
				ASSETCATALOG_COMPILER_APPICON_NAME = AppIcon;
				CODE_SIGN_STYLE = Automatic;
				INFOPLIST_FILE = point/Info.plist;
				LD_RUNPATH_SEARCH_PATHS = (
					"$(inherited)",
					"@executable_path/Frameworks",
				);
				PRODUCT_BUNDLE_IDENTIFIER = mendy.a.point;
				PRODUCT_NAME = "$(TARGET_NAME)";
				SWIFT_VERSION = 5.0;
				TARGETED_DEVICE_FAMILY = "1,2";
			};
			name = Release;
		};
		B81D9F6424A29C240050A1B4 /* Debug */ = {
			isa = XCBuildConfiguration;
			buildSettings = {
				ALWAYS_EMBED_SWIFT_STANDARD_LIBRARIES = YES;
				BUNDLE_LOADER = "$(TEST_HOST)";
				CODE_SIGN_STYLE = Automatic;
				INFOPLIST_FILE = pointTests/Info.plist;
				IPHONEOS_DEPLOYMENT_TARGET = 13.5;
				LD_RUNPATH_SEARCH_PATHS = (
					"$(inherited)",
					"@executable_path/Frameworks",
					"@loader_path/Frameworks",
				);
				PRODUCT_BUNDLE_IDENTIFIER = mendy.a.pointTests;
				PRODUCT_NAME = "$(TARGET_NAME)";
				SWIFT_VERSION = 5.0;
				TARGETED_DEVICE_FAMILY = "1,2";
				TEST_HOST = "$(BUILT_PRODUCTS_DIR)/point.app/point";
			};
			name = Debug;
		};
		B81D9F6524A29C240050A1B4 /* Release */ = {
			isa = XCBuildConfiguration;
			buildSettings = {
				ALWAYS_EMBED_SWIFT_STANDARD_LIBRARIES = YES;
				BUNDLE_LOADER = "$(TEST_HOST)";
				CODE_SIGN_STYLE = Automatic;
				INFOPLIST_FILE = pointTests/Info.plist;
				IPHONEOS_DEPLOYMENT_TARGET = 13.5;
				LD_RUNPATH_SEARCH_PATHS = (
					"$(inherited)",
					"@executable_path/Frameworks",
					"@loader_path/Frameworks",
				);
				PRODUCT_BUNDLE_IDENTIFIER = mendy.a.pointTests;
				PRODUCT_NAME = "$(TARGET_NAME)";
				SWIFT_VERSION = 5.0;
				TARGETED_DEVICE_FAMILY = "1,2";
				TEST_HOST = "$(BUILT_PRODUCTS_DIR)/point.app/point";
			};
			name = Release;
		};
		B81D9F6724A29C240050A1B4 /* Debug */ = {
			isa = XCBuildConfiguration;
			buildSettings = {
				ALWAYS_EMBED_SWIFT_STANDARD_LIBRARIES = YES;
				CODE_SIGN_STYLE = Automatic;
				INFOPLIST_FILE = pointUITests/Info.plist;
				LD_RUNPATH_SEARCH_PATHS = (
					"$(inherited)",
					"@executable_path/Frameworks",
					"@loader_path/Frameworks",
				);
				PRODUCT_BUNDLE_IDENTIFIER = mendy.a.pointUITests;
				PRODUCT_NAME = "$(TARGET_NAME)";
				SWIFT_VERSION = 5.0;
				TARGETED_DEVICE_FAMILY = "1,2";
				TEST_TARGET_NAME = point;
			};
			name = Debug;
		};
		B81D9F6824A29C240050A1B4 /* Release */ = {
			isa = XCBuildConfiguration;
			buildSettings = {
				ALWAYS_EMBED_SWIFT_STANDARD_LIBRARIES = YES;
				CODE_SIGN_STYLE = Automatic;
				INFOPLIST_FILE = pointUITests/Info.plist;
				LD_RUNPATH_SEARCH_PATHS = (
					"$(inherited)",
					"@executable_path/Frameworks",
					"@loader_path/Frameworks",
				);
				PRODUCT_BUNDLE_IDENTIFIER = mendy.a.pointUITests;
				PRODUCT_NAME = "$(TARGET_NAME)";
				SWIFT_VERSION = 5.0;
				TARGETED_DEVICE_FAMILY = "1,2";
				TEST_TARGET_NAME = point;
			};
			name = Release;
		};
/* End XCBuildConfiguration section */

/* Begin XCConfigurationList section */
		B81D9F3124A29C200050A1B4 /* Build configuration list for PBXProject "point" */ = {
			isa = XCConfigurationList;
			buildConfigurations = (
				B81D9F5E24A29C240050A1B4 /* Debug */,
				B81D9F5F24A29C240050A1B4 /* Release */,
			);
			defaultConfigurationIsVisible = 0;
			defaultConfigurationName = Release;
		};
		B81D9F6024A29C240050A1B4 /* Build configuration list for PBXNativeTarget "point" */ = {
			isa = XCConfigurationList;
			buildConfigurations = (
				B81D9F6124A29C240050A1B4 /* Debug */,
				B81D9F6224A29C240050A1B4 /* Release */,
			);
			defaultConfigurationIsVisible = 0;
			defaultConfigurationName = Release;
		};
		B81D9F6324A29C240050A1B4 /* Build configuration list for PBXNativeTarget "pointTests" */ = {
			isa = XCConfigurationList;
			buildConfigurations = (
				B81D9F6424A29C240050A1B4 /* Debug */,
				B81D9F6524A29C240050A1B4 /* Release */,
			);
			defaultConfigurationIsVisible = 0;
			defaultConfigurationName = Release;
		};
		B81D9F6624A29C240050A1B4 /* Build configuration list for PBXNativeTarget "pointUITests" */ = {
			isa = XCConfigurationList;
			buildConfigurations = (
				B81D9F6724A29C240050A1B4 /* Debug */,
				B81D9F6824A29C240050A1B4 /* Release */,
			);
			defaultConfigurationIsVisible = 0;
			defaultConfigurationName = Release;
		};
/* End XCConfigurationList section */
	};
	rootObject = B81D9F2E24A29C200050A1B4 /* Project object */;
}
